
Microsoft Visual Studio Solution File, Format Version 12.00
# Visual Studio 15
VisualStudioVersion = 15.0.28010.2050
MinimumVisualStudioVersion = 10.0.40219.1
Project("{FAE04EC0-301F-11D3-BF4B-00C04F79EFBC}") = "RestaurantManager", "RestaurantManager\RestaurantManager.csproj", "{A9AB19F9-DE50-462D-8AED-D40962AC4434}"
EndProject
Global
	GlobalSection(SolutionConfigurationPlatforms) = preSolution
		Debug|Any CPU = Debug|Any CPU
		Release|Any CPU = Release|Any CPU
	EndGlobalSection
	GlobalSection(ProjectConfigurationPlatforms) = postSolution
		{A9AB19F9-DE50-462D-8AED-D40962AC4434}.Debug|Any CPU.ActiveCfg = Debug|Any CPU
		{A9AB19F9-DE50-462D-8AED-D40962AC4434}.Debug|Any CPU.Build.0 = Debug|Any CPU
		{A9AB19F9-DE50-462D-8AED-D40962AC4434}.Release|Any CPU.ActiveCfg = Release|Any CPU
		{A9AB19F9-DE50-462D-8AED-D40962AC4434}.Release|Any CPU.Build.0 = Release|Any CPU
	EndGlobalSection
	GlobalSection(SolutionProperties) = preSolution
		HideSolutionNode = FALSE
	EndGlobalSection
	GlobalSection(ExtensibilityGlobals) = postSolution
		SolutionGuid = {43C585E8-FD96-4FE1-A4DE-B7E18C02B996}
	EndGlobalSection
EndGlobal
